
Microsoft Visual Studio Solution File, Format Version 12.00
# Visual Studio Version 16
VisualStudioVersion = 16.0.30621.155
MinimumVisualStudioVersion = 10.0.40219.1
Project("{FAE04EC0-301F-11D3-BF4B-00C04F79EFBC}") = "xssHandlingMiddleware", "xssHandlingMiddleware\xssHandlingMiddleware.csproj", "{1E049B0B-BE9E-4899-8DF7-CCB06994EAEC}"
EndProject
Global
	GlobalSection(SolutionConfigurationPlatforms) = preSolution
		Debug|Any CPU = Debug|Any CPU
		Release|Any CPU = Release|Any CPU
	EndGlobalSection
	GlobalSection(ProjectConfigurationPlatforms) = postSolution
		{1E049B0B-BE9E-4899-8DF7-CCB06994EAEC}.Debug|Any CPU.ActiveCfg = Debug|Any CPU
		{1E049B0B-BE9E-4899-8DF7-CCB06994EAEC}.Debug|Any CPU.Build.0 = Debug|Any CPU
		{1E049B0B-BE9E-4899-8DF7-CCB06994EAEC}.Release|Any CPU.ActiveCfg = Release|Any CPU
		{1E049B0B-BE9E-4899-8DF7-CCB06994EAEC}.Release|Any CPU.Build.0 = Release|Any CPU
	EndGlobalSection
	GlobalSection(SolutionProperties) = preSolution
		HideSolutionNode = FALSE
	EndGlobalSection
	GlobalSection(ExtensibilityGlobals) = postSolution
		SolutionGuid = {A9F28373-2CBF-4F8D-97C4-EC2B8388A34A}
	EndGlobalSection
EndGlobal
